
Microsoft Visual Studio Solution File, Format Version 12.00
# Visual Studio 2017
Project("{FAE04EC0-301F-11D3-BF4B-00C04F79EFBC}") = "Tethering Shooters", "Tethering Shooters.csproj", "{97B42BA6-95DB-65A4-693C-44E1E6787B52}"
EndProject
Global
	GlobalSection(SolutionConfigurationPlatforms) = preSolution
		Debug|Any CPU = Debug|Any CPU
		Release|Any CPU = Release|Any CPU
	EndGlobalSection
	GlobalSection(ProjectConfigurationPlatforms) = postSolution
		{97B42BA6-95DB-65A4-693C-44E1E6787B52}.Debug|Any CPU.ActiveCfg = Debug|Any CPU
		{97B42BA6-95DB-65A4-693C-44E1E6787B52}.Debug|Any CPU.Build.0 = Debug|Any CPU
		{97B42BA6-95DB-65A4-693C-44E1E6787B52}.Release|Any CPU.ActiveCfg = Release|Any CPU
		{97B42BA6-95DB-65A4-693C-44E1E6787B52}.Release|Any CPU.Build.0 = Release|Any CPU
	EndGlobalSection
	GlobalSection(SolutionProperties) = preSolution
		HideSolutionNode = FALSE
	EndGlobalSection
EndGlobal
